Microsoft Visual Studio Solution File, Format Version 9.00
# Visual Studio 2005
Project("{FAE04EC0-301F-11D3-BF4B-00C04F79EFBC}") = "DragDropOnBarItem", "DragDropOnBarItem\DragDropOnBarItem.csproj", "{2A819F14-03B0-4CA9-9E61-4F3E55F5810B}"
	ProjectSection(WebsiteProperties) = preProject
		Debug.AspNetCompiler.Debug = "True"
		Release.AspNetCompiler.Debug = "False"
	EndProjectSection
EndProject
Global
	GlobalSection(SolutionConfigurationPlatforms) = preSolution
		Debug|Any CPU = Debug|Any CPU
		Release|Any CPU = Release|Any CPU
	EndGlobalSection
	GlobalSection(ProjectConfigurationPlatforms) = postSolution
		{2A819F14-03B0-4CA9-9E61-4F3E55F5810B}.Debug|Any CPU.ActiveCfg = Debug|Any CPU
		{2A819F14-03B0-4CA9-9E61-4F3E55F5810B}.Debug|Any CPU.Build.0 = Debug|Any CPU
		{2A819F14-03B0-4CA9-9E61-4F3E55F5810B}.Release|Any CPU.ActiveCfg = Release|Any CPU
		{2A819F14-03B0-4CA9-9E61-4F3E55F5810B}.Release|Any CPU.Build.0 = Release|Any CPU
	EndGlobalSection
	GlobalSection(SolutionProperties) = preSolution
		HideSolutionNode = FALSE
	EndGlobalSection
EndGlobal
